
Microsoft Visual Studio Solution File, Format Version 12.00
# Visual Studio Version 17
VisualStudioVersion = 17.12.35527.113
MinimumVisualStudioVersion = 10.0.40219.1
Project("{FAE04EC0-301F-11D3-BF4B-00C04F79EFBC}") = "TestApp", "TestApp\TestApp.csproj", "{B94AF907-0915-4430-BC49-05BA5091D2AB}"
EndProject
Project("{FAE04EC0-301F-11D3-BF4B-00C04F79EFBC}") = "WinForms", "WinForms\WinForms.csproj", "{44E2FD11-C687-41ED-B72F-1A4C92479EDC}"
EndProject
Project("{FAE04EC0-301F-11D3-BF4B-00C04F79EFBC}") = "PopupControl", "PopupControl\PopupControl.csproj", "{C7AC0623-D870-42DF-ACFC-C75CBD76A959}"
EndProject
Global
	GlobalSection(SolutionConfigurationPlatforms) = preSolution
		Debug|Any CPU = Debug|Any CPU
		Release|Any CPU = Release|Any CPU
	EndGlobalSection
	GlobalSection(ProjectConfigurationPlatforms) = postSolution
		{B94AF907-0915-4430-BC49-05BA5091D2AB}.Debug|Any CPU.ActiveCfg = Debug|Any CPU
		{B94AF907-0915-4430-BC49-05BA5091D2AB}.Debug|Any CPU.Build.0 = Debug|Any CPU
		{B94AF907-0915-4430-BC49-05BA5091D2AB}.Release|Any CPU.ActiveCfg = Release|Any CPU
		{B94AF907-0915-4430-BC49-05BA5091D2AB}.Release|Any CPU.Build.0 = Release|Any CPU
		{44E2FD11-C687-41ED-B72F-1A4C92479EDC}.Debug|Any CPU.ActiveCfg = Debug|Any CPU
		{44E2FD11-C687-41ED-B72F-1A4C92479EDC}.Debug|Any CPU.Build.0 = Debug|Any CPU
		{44E2FD11-C687-41ED-B72F-1A4C92479EDC}.Release|Any CPU.ActiveCfg = Release|Any CPU
		{44E2FD11-C687-41ED-B72F-1A4C92479EDC}.Release|Any CPU.Build.0 = Release|Any CPU
		{C7AC0623-D870-42DF-ACFC-C75CBD76A959}.Debug|Any CPU.ActiveCfg = Debug|Any CPU
		{C7AC0623-D870-42DF-ACFC-C75CBD76A959}.Debug|Any CPU.Build.0 = Debug|Any CPU
		{C7AC0623-D870-42DF-ACFC-C75CBD76A959}.Release|Any CPU.ActiveCfg = Release|Any CPU
		{C7AC0623-D870-42DF-ACFC-C75CBD76A959}.Release|Any CPU.Build.0 = Release|Any CPU
	EndGlobalSection
	GlobalSection(SolutionProperties) = preSolution
		HideSolutionNode = FALSE
	EndGlobalSection
EndGlobal
